Microsoft Visual Studio Solution File, Format Version 12.00
# Visual Studio 14
VisualStudioVersion = 14.0.24720.0
MinimumVisualStudioVersion = 10.0.40219.1
Project("{FAE04EC0-301F-11D3-BF4B-00C04F79EFBC}") = "TestHarness", "TestHarness.csproj", "{60BEFA34-8635-47CE-A6B8-E19B46E00B02}"
	ProjectSection(ProjectDependencies) = postProject
		{D5D88EB0-23B9-46CE-B23C-C6245ECF023C} = {D5D88EB0-23B9-46CE-B23C-C6245ECF023C}
	EndProjectSection
EndProject
Project("{FAE04EC0-301F-11D3-BF4B-00C04F79EFBC}") = "CodeVendor.Controls", "..\Grouper\CodeVendor.Controls.csproj", "{D5D88EB0-23B9-46CE-B23C-C6245ECF023C}"
EndProject
Global
	GlobalSection(SolutionConfigurationPlatforms) = preSolution
		Debug|Any CPU = Debug|Any CPU
		Release|Any CPU = Release|Any CPU
	EndGlobalSection
	GlobalSection(ProjectConfigurationPlatforms) = postSolution
		{60BEFA34-8635-47CE-A6B8-E19B46E00B02}.Debug|Any CPU.ActiveCfg = Debug|Any CPU
		{60BEFA34-8635-47CE-A6B8-E19B46E00B02}.Debug|Any CPU.Build.0 = Debug|Any CPU
		{60BEFA34-8635-47CE-A6B8-E19B46E00B02}.Release|Any CPU.ActiveCfg = Release|Any CPU
		{60BEFA34-8635-47CE-A6B8-E19B46E00B02}.Release|Any CPU.Build.0 = Release|Any CPU
		{D5D88EB0-23B9-46CE-B23C-C6245ECF023C}.Debug|Any CPU.ActiveCfg = Debug|Any CPU
		{D5D88EB0-23B9-46CE-B23C-C6245ECF023C}.Debug|Any CPU.Build.0 = Debug|Any CPU
		{D5D88EB0-23B9-46CE-B23C-C6245ECF023C}.Release|Any CPU.ActiveCfg = Release|Any CPU
		{D5D88EB0-23B9-46CE-B23C-C6245ECF023C}.Release|Any CPU.Build.0 = Release|Any CPU
	EndGlobalSection
	GlobalSection(SolutionProperties) = preSolution
		HideSolutionNode = FALSE
	EndGlobalSection
EndGlobal
